// !$*UTF8*$!
{
	archiveVersion = 1;
	classes = {
	};
	objectVersion = 60;
	objects = {

/* Begin PBXBuildFile section */
		1A0000010000000000000001 /* Sources/VPassApp/VPassApp.swift in Sources */ = {isa = PBXBuildFile; fileRef = 1A0000010000000000000101 /* Sources/VPassApp/VPassApp.swift */; };
		1A0000010000000000000002 /* Sources/VPassApp/Views/ContentView.swift in Sources */ = {isa = PBXBuildFile; fileRef = 1A0000010000000000000102 /* Sources/VPassApp/Views/ContentView.swift */; };
		1A0000010000000000000003 /* Sources/VPassApp/Views/DetailView.swift in Sources */ = {isa = PBXBuildFile; fileRef = 1A0000010000000000000103 /* Sources/VPassApp/Views/DetailView.swift */; };
		1A0000010000000000000004 /* Sources/VPassApp/Views/CredentialEditorView.swift in Sources */ = {isa = PBXBuildFile; fileRef = 1A0000010000000000000104 /* Sources/VPassApp/Views/CredentialEditorView.swift */; };
		1A0000010000000000000005 /* Sources/VPassApp/Models/CredentialRecord.swift in Sources */ = {isa = PBXBuildFile; fileRef = 1A0000010000000000000105 /* Sources/VPassApp/Models/CredentialRecord.swift */; };
		1A0000010000000000000006 /* Sources/VPassApp/Services/KeychainVault.swift in Sources */ = {isa = PBXBuildFile; fileRef = 1A0000010000000000000106 /* Sources/VPassApp/Services/KeychainVault.swift */; };
		1A0000010000000000000007 /* Sources/VPassApp/Services/TOTPGenerator.swift in Sources */ = {isa = PBXBuildFile; fileRef = 1A0000010000000000000107 /* Sources/VPassApp/Services/TOTPGenerator.swift */; };
		1A0000010000000000000008 /* Sources/VPassApp/Services/OTPAuthParser.swift in Sources */ = {isa = PBXBuildFile; fileRef = 1A0000010000000000000108 /* Sources/VPassApp/Services/OTPAuthParser.swift */; };
		1A0000010000000000000009 /* Sources/VPassApp/Services/QRCodeScanner.swift in Sources */ = {isa = PBXBuildFile; fileRef = 1A0000010000000000000109 /* Sources/VPassApp/Services/QRCodeScanner.swift */; };
		1A0000010000000000000010 /* Sources/VPassApp/ViewModels/VaultViewModel.swift in Sources */ = {isa = PBXBuildFile; fileRef = 1A0000010000000000000110 /* Sources/VPassApp/ViewModels/VaultViewModel.swift */; };
		1A0000010000000000000011 /* Assets.xcassets in Resources */ = {isa = PBXBuildFile; fileRef = 1A0000010000000000000114 /* Assets.xcassets */; };
		1A0000010000000000000012 /* Sources/VPassApp/Views/QuickSearchView.swift in Sources */ = {isa = PBXBuildFile; fileRef = 1A0000010000000000000115 /* Sources/VPassApp/Views/QuickSearchView.swift */; };
		1A0000010000000000000013 /* Sources/VPassApp/Services/AppUpdater.swift in Sources */ = {isa = PBXBuildFile; fileRef = 1A0000010000000000000116 /* Sources/VPassApp/Services/AppUpdater.swift */; };
		1A0000010000000000000014 /* Sparkle in Frameworks */ = {isa = PBXBuildFile; productRef = 1A0000010000000000000902 /* Sparkle */; };
		1A0000010000000000000015 /* Sources/VPassApp/Services/BackupService.swift in Sources */ = {isa = PBXBuildFile; fileRef = 1A0000010000000000000117 /* Sources/VPassApp/Services/BackupService.swift */; };
		1A0000010000000000000016 /* Sources/VPassApp/Services/BackupConfigurationStore.swift in Sources */ = {isa = PBXBuildFile; fileRef = 1A0000010000000000000118 /* Sources/VPassApp/Services/BackupConfigurationStore.swift */; };
		1A0000010000000000000017 /* Sources/VPassApp/Models/SyncedTOTPRecord.swift in Sources */ = {isa = PBXBuildFile; fileRef = 1A0000010000000000000119 /* Sources/VPassApp/Models/SyncedTOTPRecord.swift */; };
		1A0000010000000000000018 /* Sources/VPassApp/Services/TOTPKeychainSyncStore.swift in Sources */ = {isa = PBXBuildFile; fileRef = 1A0000010000000000000120 /* Sources/VPassApp/Services/TOTPKeychainSyncStore.swift */; };
		1A0000010000000000000019 /* Sources/VPassApp/Services/AppAuthenticator.swift in Sources */ = {isa = PBXBuildFile; fileRef = 1A0000010000000000000121 /* Sources/VPassApp/Services/AppAuthenticator.swift */; };
/* End PBXBuildFile section */

/* Begin PBXFileReference section */
		1A0000010000000000000101 /* Sources/VPassApp/VPassApp.swift */ = {isa = PBXFileReference; lastKnownFileType = sourcecode.swift; path = Sources/VPassApp/VPassApp.swift; sourceTree = "<group>"; };
		1A0000010000000000000102 /* Sources/VPassApp/Views/ContentView.swift */ = {isa = PBXFileReference; lastKnownFileType = sourcecode.swift; path = Sources/VPassApp/Views/ContentView.swift; sourceTree = "<group>"; };
		1A0000010000000000000103 /* Sources/VPassApp/Views/DetailView.swift */ = {isa = PBXFileReference; lastKnownFileType = sourcecode.swift; path = Sources/VPassApp/Views/DetailView.swift; sourceTree = "<group>"; };
		1A0000010000000000000104 /* Sources/VPassApp/Views/CredentialEditorView.swift */ = {isa = PBXFileReference; lastKnownFileType = sourcecode.swift; path = Sources/VPassApp/Views/CredentialEditorView.swift; sourceTree = "<group>"; };
		1A0000010000000000000105 /* Sources/VPassApp/Models/CredentialRecord.swift */ = {isa = PBXFileReference; lastKnownFileType = sourcecode.swift; path = Sources/VPassApp/Models/CredentialRecord.swift; sourceTree = "<group>"; };
		1A0000010000000000000106 /* Sources/VPassApp/Services/KeychainVault.swift */ = {isa = PBXFileReference; lastKnownFileType = sourcecode.swift; path = Sources/VPassApp/Services/KeychainVault.swift; sourceTree = "<group>"; };
		1A0000010000000000000107 /* Sources/VPassApp/Services/TOTPGenerator.swift */ = {isa = PBXFileReference; lastKnownFileType = sourcecode.swift; path = Sources/VPassApp/Services/TOTPGenerator.swift; sourceTree = "<group>"; };
		1A0000010000000000000108 /* Sources/VPassApp/Services/OTPAuthParser.swift */ = {isa = PBXFileReference; lastKnownFileType = sourcecode.swift; path = Sources/VPassApp/Services/OTPAuthParser.swift; sourceTree = "<group>"; };
		1A0000010000000000000109 /* Sources/VPassApp/Services/QRCodeScanner.swift */ = {isa = PBXFileReference; lastKnownFileType = sourcecode.swift; path = Sources/VPassApp/Services/QRCodeScanner.swift; sourceTree = "<group>"; };
		1A0000010000000000000110 /* Sources/VPassApp/ViewModels/VaultViewModel.swift */ = {isa = PBXFileReference; lastKnownFileType = sourcecode.swift; path = Sources/VPassApp/ViewModels/VaultViewModel.swift; sourceTree = "<group>"; };
		1A0000010000000000000111 /* AppStore/Info.plist */ = {isa = PBXFileReference; lastKnownFileType = text.plist.xml; path = AppStore/Info.plist; sourceTree = "<group>"; };
		1A0000010000000000000112 /* AppStore/VPass.entitlements */ = {isa = PBXFileReference; lastKnownFileType = text.plist.entitlements; path = AppStore/VPass.entitlements; sourceTree = "<group>"; };
		1A0000010000000000000113 /* VPass.app */ = {isa = PBXFileReference; explicitFileType = wrapper.application; includeInIndex = 0; path = VPass.app; sourceTree = BUILT_PRODUCTS_DIR; };
		1A0000010000000000000114 /* Assets.xcassets */ = {isa = PBXFileReference; lastKnownFileType = folder.assetcatalog; path = Assets.xcassets; sourceTree = "<group>"; };
		1A0000010000000000000115 /* Sources/VPassApp/Views/QuickSearchView.swift */ = {isa = PBXFileReference; lastKnownFileType = sourcecode.swift; path = Sources/VPassApp/Views/QuickSearchView.swift; sourceTree = "<group>"; };
		1A0000010000000000000116 /* Sources/VPassApp/Services/AppUpdater.swift */ = {isa = PBXFileReference; lastKnownFileType = sourcecode.swift; path = Sources/VPassApp/Services/AppUpdater.swift; sourceTree = "<group>"; };
		1A0000010000000000000117 /* Sources/VPassApp/Services/BackupService.swift */ = {isa = PBXFileReference; lastKnownFileType = sourcecode.swift; path = Sources/VPassApp/Services/BackupService.swift; sourceTree = "<group>"; };
		1A0000010000000000000118 /* Sources/VPassApp/Services/BackupConfigurationStore.swift */ = {isa = PBXFileReference; lastKnownFileType = sourcecode.swift; path = Sources/VPassApp/Services/BackupConfigurationStore.swift; sourceTree = "<group>"; };
		1A0000010000000000000119 /* Sources/VPassApp/Models/SyncedTOTPRecord.swift */ = {isa = PBXFileReference; lastKnownFileType = sourcecode.swift; path = Sources/VPassApp/Models/SyncedTOTPRecord.swift; sourceTree = "<group>"; };
		1A0000010000000000000120 /* Sources/VPassApp/Services/TOTPKeychainSyncStore.swift */ = {isa = PBXFileReference; lastKnownFileType = sourcecode.swift; path = Sources/VPassApp/Services/TOTPKeychainSyncStore.swift; sourceTree = "<group>"; };
		1A0000010000000000000121 /* Sources/VPassApp/Services/AppAuthenticator.swift */ = {isa = PBXFileReference; lastKnownFileType = sourcecode.swift; path = Sources/VPassApp/Services/AppAuthenticator.swift; sourceTree = "<group>"; };
/* End PBXFileReference section */

/* Begin PBXFrameworksBuildPhase section */
		1A0000010000000000000201 /* Frameworks */ = {
			isa = PBXFrameworksBuildPhase;
			buildActionMask = 2147483647;
			files = (
				1A0000010000000000000014 /* Sparkle in Frameworks */,
			);
			runOnlyForDeploymentPostprocessing = 0;
		};
/* End PBXFrameworksBuildPhase section */

/* Begin PBXGroup section */
		1A0000010000000000000301 = {
			isa = PBXGroup;
			children = (
				1A0000010000000000000302 /* Sources */,
				1A0000010000000000000114 /* Assets.xcassets */,
				1A0000010000000000000303 /* AppStore */,
				1A0000010000000000000304 /* Products */,
			);
			sourceTree = "<group>";
		};
		1A0000010000000000000302 /* Sources */ = {
			isa = PBXGroup;
			children = (
				1A0000010000000000000101 /* Sources/VPassApp/VPassApp.swift */,
				1A0000010000000000000102 /* Sources/VPassApp/Views/ContentView.swift */,
				1A0000010000000000000103 /* Sources/VPassApp/Views/DetailView.swift */,
				1A0000010000000000000104 /* Sources/VPassApp/Views/CredentialEditorView.swift */,
				1A0000010000000000000115 /* Sources/VPassApp/Views/QuickSearchView.swift */,
				1A0000010000000000000110 /* Sources/VPassApp/ViewModels/VaultViewModel.swift */,
				1A0000010000000000000105 /* Sources/VPassApp/Models/CredentialRecord.swift */,
				1A0000010000000000000119 /* Sources/VPassApp/Models/SyncedTOTPRecord.swift */,
				1A0000010000000000000106 /* Sources/VPassApp/Services/KeychainVault.swift */,
				1A0000010000000000000107 /* Sources/VPassApp/Services/TOTPGenerator.swift */,
				1A0000010000000000000108 /* Sources/VPassApp/Services/OTPAuthParser.swift */,
				1A0000010000000000000109 /* Sources/VPassApp/Services/QRCodeScanner.swift */,
				1A0000010000000000000116 /* Sources/VPassApp/Services/AppUpdater.swift */,
				1A0000010000000000000117 /* Sources/VPassApp/Services/BackupService.swift */,
				1A0000010000000000000118 /* Sources/VPassApp/Services/BackupConfigurationStore.swift */,
				1A0000010000000000000120 /* Sources/VPassApp/Services/TOTPKeychainSyncStore.swift */,
				1A0000010000000000000121 /* Sources/VPassApp/Services/AppAuthenticator.swift */,
			);
			name = Sources;
			sourceTree = "<group>";
		};
		1A0000010000000000000303 /* AppStore */ = {
			isa = PBXGroup;
			children = (
				1A0000010000000000000111 /* AppStore/Info.plist */,
				1A0000010000000000000112 /* AppStore/VPass.entitlements */,
			);
			name = AppStore;
			sourceTree = "<group>";
		};
		1A0000010000000000000304 /* Products */ = {
			isa = PBXGroup;
			children = (
				1A0000010000000000000113 /* VPass.app */,
			);
			name = Products;
			sourceTree = "<group>";
		};
/* End PBXGroup section */

/* Begin PBXNativeTarget section */
		1A0000010000000000000401 /* VPass */ = {
			isa = PBXNativeTarget;
			buildConfigurationList = 1A0000010000000000000702 /* Build configuration list for PBXNativeTarget "VPass" */;
			buildPhases = (
				1A0000010000000000000501 /* Sources */,
				1A0000010000000000000201 /* Frameworks */,
				1A0000010000000000000502 /* Resources */,
			);
			buildRules = (
			);
			dependencies = (
			);
			name = VPass;
			packageProductDependencies = (
				1A0000010000000000000902 /* Sparkle */,
			);
			productName = VPass;
			productReference = 1A0000010000000000000113 /* VPass.app */;
			productType = "com.apple.product-type.application";
		};
/* End PBXNativeTarget section */

/* Begin PBXProject section */
		1A0000010000000000000601 /* Project object */ = {
			isa = PBXProject;
			attributes = {
				BuildIndependentTargetsInParallel = 1;
				LastSwiftUpdateCheck = 1600;
				LastUpgradeCheck = 1600;
				TargetAttributes = {
					1A0000010000000000000401 = {
						CreatedOnToolsVersion = 16.0;
					};
				};
			};
			buildConfigurationList = 1A0000010000000000000701 /* Build configuration list for PBXProject "VPass" */;
			compatibilityVersion = "Xcode 15.0";
			developmentRegion = en;
			hasScannedForEncodings = 0;
			knownRegions = (
				en,
				Base,
			);
			mainGroup = 1A0000010000000000000301;
			packageReferences = (
				1A0000010000000000000901 /* XCRemoteSwiftPackageReference "Sparkle" */,
			);
			productRefGroup = 1A0000010000000000000304 /* Products */;
			projectDirPath = "";
			projectRoot = "";
			targets = (
				1A0000010000000000000401 /* VPass */,
			);
		};
/* End PBXProject section */

/* Begin PBXResourcesBuildPhase section */
		1A0000010000000000000502 /* Resources */ = {
			isa = PBXResourcesBuildPhase;
			buildActionMask = 2147483647;
			files = (
				1A0000010000000000000011 /* Assets.xcassets in Resources */,
			);
			runOnlyForDeploymentPostprocessing = 0;
		};
/* End PBXResourcesBuildPhase section */

/* Begin PBXSourcesBuildPhase section */
		1A0000010000000000000501 /* Sources */ = {
			isa = PBXSourcesBuildPhase;
			buildActionMask = 2147483647;
			files = (
				1A0000010000000000000001 /* Sources/VPassApp/VPassApp.swift in Sources */,
				1A0000010000000000000002 /* Sources/VPassApp/Views/ContentView.swift in Sources */,
				1A0000010000000000000003 /* Sources/VPassApp/Views/DetailView.swift in Sources */,
				1A0000010000000000000004 /* Sources/VPassApp/Views/CredentialEditorView.swift in Sources */,
				1A0000010000000000000012 /* Sources/VPassApp/Views/QuickSearchView.swift in Sources */,
				1A0000010000000000000010 /* Sources/VPassApp/ViewModels/VaultViewModel.swift in Sources */,
				1A0000010000000000000005 /* Sources/VPassApp/Models/CredentialRecord.swift in Sources */,
				1A0000010000000000000017 /* Sources/VPassApp/Models/SyncedTOTPRecord.swift in Sources */,
				1A0000010000000000000006 /* Sources/VPassApp/Services/KeychainVault.swift in Sources */,
				1A0000010000000000000007 /* Sources/VPassApp/Services/TOTPGenerator.swift in Sources */,
				1A0000010000000000000008 /* Sources/VPassApp/Services/OTPAuthParser.swift in Sources */,
				1A0000010000000000000009 /* Sources/VPassApp/Services/QRCodeScanner.swift in Sources */,
				1A0000010000000000000013 /* Sources/VPassApp/Services/AppUpdater.swift in Sources */,
				1A0000010000000000000015 /* Sources/VPassApp/Services/BackupService.swift in Sources */,
				1A0000010000000000000016 /* Sources/VPassApp/Services/BackupConfigurationStore.swift in Sources */,
				1A0000010000000000000018 /* Sources/VPassApp/Services/TOTPKeychainSyncStore.swift in Sources */,
				1A0000010000000000000019 /* Sources/VPassApp/Services/AppAuthenticator.swift in Sources */,
			);
			runOnlyForDeploymentPostprocessing = 0;
		};
/* End PBXSourcesBuildPhase section */

/* Begin XCRemoteSwiftPackageReference section */
		1A0000010000000000000901 /* XCRemoteSwiftPackageReference "Sparkle" */ = {
			isa = XCRemoteSwiftPackageReference;
			repositoryURL = "https://github.com/sparkle-project/Sparkle";
			requirement = {
				kind = upToNextMajorVersion;
				minimumVersion = 2.9.2;
			};
		};
/* End XCRemoteSwiftPackageReference section */

/* Begin XCSwiftPackageProductDependency section */
		1A0000010000000000000902 /* Sparkle */ = {
			isa = XCSwiftPackageProductDependency;
			package = 1A0000010000000000000901 /* XCRemoteSwiftPackageReference "Sparkle" */;
			productName = Sparkle;
		};
/* End XCSwiftPackageProductDependency section */

/* Begin XCBuildConfiguration section */
		1A0000010000000000000801 /* Debug */ = {
			isa = XCBuildConfiguration;
			buildSettings = {
				ALWAYS_SEARCH_USER_PATHS = NO;
				CLANG_ANALYZER_NONNULL = YES;
				CLANG_ANALYZER_NUMBER_OBJECT_CONVERSION = YES_AGGRESSIVE;
				CLANG_CXX_LANGUAGE_STANDARD = "gnu++20";
				CLANG_ENABLE_MODULES = YES;
				CLANG_ENABLE_OBJC_ARC = YES;
				CLANG_ENABLE_OBJC_WEAK = YES;
				CLANG_WARN_BLOCK_CAPTURE_AUTORELEASING = YES;
				CLANG_WARN_BOOL_CONVERSION = YES;
				CLANG_WARN_COMMA = YES;
				CLANG_WARN_CONSTANT_CONVERSION = YES;
				CLANG_WARN_DEPRECATED_OBJC_IMPLEMENTATIONS = YES;
				CLANG_WARN_DIRECT_OBJC_ISA_USAGE = YES_ERROR;
				CLANG_WARN_DOCUMENTATION_COMMENTS = YES;
				CLANG_WARN_EMPTY_BODY = YES;
				CLANG_WARN_ENUM_CONVERSION = YES;
				CLANG_WARN_INFINITE_RECURSION = YES;
				CLANG_WARN_INT_CONVERSION = YES;
				CLANG_WARN_NON_LITERAL_NULL_CONVERSION = YES;
				CLANG_WARN_OBJC_IMPLICIT_RETAIN_SELF = YES;
				CLANG_WARN_OBJC_LITERAL_CONVERSION = YES;
				CLANG_WARN_OBJC_ROOT_CLASS = YES_ERROR;
				CLANG_WARN_QUOTED_INCLUDE_IN_FRAMEWORK_HEADER = YES;
				CLANG_WARN_RANGE_LOOP_ANALYSIS = YES;
				CLANG_WARN_STRICT_PROTOTYPES = YES;
				CLANG_WARN_SUSPICIOUS_MOVE = YES;
				CLANG_WARN_UNGUARDED_AVAILABILITY = YES_AGGRESSIVE;
				CLANG_WARN_UNREACHABLE_CODE = YES;
				CLANG_WARN__DUPLICATE_METHOD_MATCH = YES;
				COPY_PHASE_STRIP = NO;
				DEBUG_INFORMATION_FORMAT = dwarf;
				ENABLE_STRICT_OBJC_MSGSEND = YES;
				ENABLE_TESTABILITY = YES;
				ENABLE_USER_SCRIPT_SANDBOXING = YES;
				GCC_C_LANGUAGE_STANDARD = gnu17;
				GCC_DYNAMIC_NO_PIC = NO;
				GCC_NO_COMMON_BLOCKS = YES;
				GCC_OPTIMIZATION_LEVEL = 0;
				GCC_PREPROCESSOR_DEFINITIONS = (
					"DEBUG=1",
					"$(inherited)",
				);
				GCC_WARN_64_TO_32_BIT_CONVERSION = YES;
				GCC_WARN_ABOUT_RETURN_TYPE = YES_ERROR;
				GCC_WARN_UNDECLARED_SELECTOR = YES;
				GCC_WARN_UNINITIALIZED_AUTOS = YES_AGGRESSIVE;
				GCC_WARN_UNUSED_FUNCTION = YES;
				GCC_WARN_UNUSED_VARIABLE = YES;
				MACOSX_DEPLOYMENT_TARGET = 14.0;
				MTL_ENABLE_DEBUG_INFO = INCLUDE_SOURCE;
				MTL_FAST_MATH = YES;
				ONLY_ACTIVE_ARCH = YES;
				SDKROOT = macosx;
				SWIFT_ACTIVE_COMPILATION_CONDITIONS = DEBUG;
				SWIFT_OPTIMIZATION_LEVEL = "-Onone";
			};
			name = Debug;
		};
		1A0000010000000000000802 /* Release */ = {
			isa = XCBuildConfiguration;
			buildSettings = {
				ALWAYS_SEARCH_USER_PATHS = NO;
				CLANG_ANALYZER_NONNULL = YES;
				CLANG_ANALYZER_NUMBER_OBJECT_CONVERSION = YES_AGGRESSIVE;
				CLANG_CXX_LANGUAGE_STANDARD = "gnu++20";
				CLANG_ENABLE_MODULES = YES;
				CLANG_ENABLE_OBJC_ARC = YES;
				CLANG_ENABLE_OBJC_WEAK = YES;
				CLANG_WARN_BLOCK_CAPTURE_AUTORELEASING = YES;
				CLANG_WARN_BOOL_CONVERSION = YES;
				CLANG_WARN_COMMA = YES;
				CLANG_WARN_CONSTANT_CONVERSION = YES;
				CLANG_WARN_DEPRECATED_OBJC_IMPLEMENTATIONS = YES;
				CLANG_WARN_DIRECT_OBJC_ISA_USAGE = YES_ERROR;
				CLANG_WARN_DOCUMENTATION_COMMENTS = YES;
				CLANG_WARN_EMPTY_BODY = YES;
				CLANG_WARN_ENUM_CONVERSION = YES;
				CLANG_WARN_INFINITE_RECURSION = YES;
				CLANG_WARN_INT_CONVERSION = YES;
				CLANG_WARN_NON_LITERAL_NULL_CONVERSION = YES;
				CLANG_WARN_OBJC_IMPLICIT_RETAIN_SELF = YES;
				CLANG_WARN_OBJC_LITERAL_CONVERSION = YES;
				CLANG_WARN_OBJC_ROOT_CLASS = YES_ERROR;
				CLANG_WARN_QUOTED_INCLUDE_IN_FRAMEWORK_HEADER = YES;
				CLANG_WARN_RANGE_LOOP_ANALYSIS = YES;
				CLANG_WARN_STRICT_PROTOTYPES = YES;
				CLANG_WARN_SUSPICIOUS_MOVE = YES;
				CLANG_WARN_UNGUARDED_AVAILABILITY = YES_AGGRESSIVE;
				CLANG_WARN_UNREACHABLE_CODE = YES;
				CLANG_WARN__DUPLICATE_METHOD_MATCH = YES;
				COPY_PHASE_STRIP = NO;
				DEBUG_INFORMATION_FORMAT = "dwarf-with-dsym";
				ENABLE_NS_ASSERTIONS = NO;
				ENABLE_STRICT_OBJC_MSGSEND = YES;
				ENABLE_USER_SCRIPT_SANDBOXING = YES;
				GCC_C_LANGUAGE_STANDARD = gnu17;
				GCC_NO_COMMON_BLOCKS = YES;
				GCC_WARN_64_TO_32_BIT_CONVERSION = YES;
				GCC_WARN_ABOUT_RETURN_TYPE = YES_ERROR;
				GCC_WARN_UNDECLARED_SELECTOR = YES;
				GCC_WARN_UNINITIALIZED_AUTOS = YES_AGGRESSIVE;
				GCC_WARN_UNUSED_FUNCTION = YES;
				GCC_WARN_UNUSED_VARIABLE = YES;
				MACOSX_DEPLOYMENT_TARGET = 14.0;
				MTL_ENABLE_DEBUG_INFO = NO;
				MTL_FAST_MATH = YES;
				SDKROOT = macosx;
				SWIFT_COMPILATION_MODE = wholemodule;
				VALIDATE_PRODUCT = YES;
			};
			name = Release;
		};
		1A0000010000000000000803 /* Debug */ = {
			isa = XCBuildConfiguration;
			buildSettings = {
				ASSETCATALOG_COMPILER_APPICON_NAME = AppIcon;
				CODE_SIGN_ENTITLEMENTS = AppStore/VPass.entitlements;
				CODE_SIGN_IDENTITY = "Apple Development";
				CODE_SIGN_STYLE = Automatic;
				COMBINE_HIDPI_IMAGES = YES;
				CURRENT_PROJECT_VERSION = 6;
				DEVELOPMENT_TEAM = X937FCYW2Y;
				ENABLE_HARDENED_RUNTIME = YES;
				GENERATE_INFOPLIST_FILE = NO;
				INFOPLIST_FILE = AppStore/Info.plist;
				INFOPLIST_KEY_LSApplicationCategoryType = "public.app-category.utilities";
				LD_RUNPATH_SEARCH_PATHS = (
					"$(inherited)",
					"@executable_path/../Frameworks",
				);
				MARKETING_VERSION = 1.0.2;
				PRODUCT_BUNDLE_IDENTIFIER = com.varunsuryawanshi.vpass;
				PRODUCT_NAME = "$(TARGET_NAME)";
				PROVISIONING_PROFILE_SPECIFIER = "";
				SWIFT_EMIT_LOC_STRINGS = YES;
				SWIFT_VERSION = 6.0;
			};
			name = Debug;
		};
		1A0000010000000000000804 /* Release */ = {
			isa = XCBuildConfiguration;
			buildSettings = {
				ASSETCATALOG_COMPILER_APPICON_NAME = AppIcon;
				CODE_SIGN_ENTITLEMENTS = AppStore/VPass.entitlements;
				CODE_SIGN_IDENTITY = "Apple Development";
				CODE_SIGN_STYLE = Automatic;
				COMBINE_HIDPI_IMAGES = YES;
				CURRENT_PROJECT_VERSION = 6;
				DEVELOPMENT_TEAM = X937FCYW2Y;
				ENABLE_HARDENED_RUNTIME = YES;
				GENERATE_INFOPLIST_FILE = NO;
				INFOPLIST_FILE = AppStore/Info.plist;
				INFOPLIST_KEY_LSApplicationCategoryType = "public.app-category.utilities";
				LD_RUNPATH_SEARCH_PATHS = (
					"$(inherited)",
					"@executable_path/../Frameworks",
				);
				MARKETING_VERSION = 1.0.2;
				PRODUCT_BUNDLE_IDENTIFIER = com.varunsuryawanshi.vpass;
				PRODUCT_NAME = "$(TARGET_NAME)";
				PROVISIONING_PROFILE_SPECIFIER = "";
				SWIFT_EMIT_LOC_STRINGS = YES;
				SWIFT_VERSION = 6.0;
			};
			name = Release;
		};
/* End XCBuildConfiguration section */

/* Begin XCConfigurationList section */
		1A0000010000000000000701 /* Build configuration list for PBXProject "VPass" */ = {
			isa = XCConfigurationList;
			buildConfigurations = (
				1A0000010000000000000801 /* Debug */,
				1A0000010000000000000802 /* Release */,
			);
			defaultConfigurationIsVisible = 0;
			defaultConfigurationName = Release;
		};
		1A0000010000000000000702 /* Build configuration list for PBXNativeTarget "VPass" */ = {
			isa = XCConfigurationList;
			buildConfigurations = (
				1A0000010000000000000803 /* Debug */,
				1A0000010000000000000804 /* Release */,
			);
			defaultConfigurationIsVisible = 0;
			defaultConfigurationName = Release;
		};
/* End XCConfigurationList section */
	};
	rootObject = 1A0000010000000000000601 /* Project object */;
}
